
Microsoft Visual Studio Solution File, Format Version 12.00
# Visual Studio 15
VisualStudioVersion = 15.0.28307.1259
MinimumVisualStudioVersion = 10.0.40219.1
Project("{8BC9CEB8-8B4A-11D0-8D11-00A0C91BC942}") = "Project4", "Project4\Project4.vcxproj", "{C508AFF8-A3AE-4A7E-9D28-D5E3D788339D}"
EndProject
Global
	GlobalSection(SolutionConfigurationPlatforms) = preSolution
		Debug|x64 = Debug|x64
		Debug|x86 = Debug|x86
		Release|x64 = Release|x64
		Release|x86 = Release|x86
	EndGlobalSection
	GlobalSection(ProjectConfigurationPlatforms) = postSolution
		{C508AFF8-A3AE-4A7E-9D28-D5E3D788339D}.Debug|x64.ActiveCfg = Debug|x64
		{C508AFF8-A3AE-4A7E-9D28-D5E3D788339D}.Debug|x64.Build.0 = Debug|x64
		{C508AFF8-A3AE-4A7E-9D28-D5E3D788339D}.Debug|x86.ActiveCfg = Debug|Win32
		{C508AFF8-A3AE-4A7E-9D28-D5E3D788339D}.Debug|x86.Build.0 = Debug|Win32
		{C508AFF8-A3AE-4A7E-9D28-D5E3D788339D}.Release|x64.ActiveCfg = Release|x64
		{C508AFF8-A3AE-4A7E-9D28-D5E3D788339D}.Release|x64.Build.0 = Release|x64
		{C508AFF8-A3AE-4A7E-9D28-D5E3D788339D}.Release|x86.ActiveCfg = Release|Win32
		{C508AFF8-A3AE-4A7E-9D28-D5E3D788339D}.Release|x86.Build.0 = Release|Win32
	EndGlobalSection
	GlobalSection(SolutionProperties) = preSolution
		HideSolutionNode = FALSE
	EndGlobalSection
	GlobalSection(ExtensibilityGlobals) = postSolution
		SolutionGuid = {B10902D1-13C8-4D78-A758-E94B9C6F31BE}
	EndGlobalSection
EndGlobal
